PODS:
  - AFNetworking (3.1.0):
    - AFNetworking/NSURLSession (= 3.1.0)
    - AFNetworking/Reachability (= 3.1.0)
    - AFNetworking/Security (= 3.1.0)
    - AFNetworking/Serialization (= 3.1.0)
    - AFNetworking/UIKit (= 3.1.0)
  - AFNetworking/NSURLSession (3.1.0):
    - AFNetworking/Reachability
    - AFNetworking/Security
    - AFNetworking/Serialization
  - AFNetworking/Reachability (3.1.0)
  - AFNetworking/Security (3.1.0)
  - AFNetworking/Serialization (3.1.0)
  - AFNetworking/UIKit (3.1.0):
    - AFNetworking/NSURLSession
  - MRJ_BarViewController (0.1.2.2)
  - MRJ_Network (0.1.5):
    - AFNetworking (~> 3.1)
  - MRJActionSheet (0.1.1)

DEPENDENCIES:
  - MRJ_BarViewController
  - MRJ_Network
  - MRJActionSheet

SPEC CHECKSUMS:
  AFNetworking: 5e0e199f73d8626b11e79750991f5d173d1f8b67
  MRJ_BarViewController: 670cf65e657c0bfbdf28713a30d2afa21d9c42b2
  MRJ_Network: 930cfa81a803d1b85b57f17b52d94b99a740150b
  MRJActionSheet: 533f2d302630c641285fca2a739d888821be240f

PODFILE CHECKSUM: 77f62f1fa1f877a4d9aeeca155437faf97a34cd4

COCOAPODS: 1.3.1
