// !$*UTF8*$!
{
	archiveVersion = 1;
	classes = {
	};
	objectVersion = 46;
	objects = {

/* Begin PBXBuildFile section */
		0AF3AE0C1F645C5E0046DE4A /* main.m in Sources */ = {isa = PBXBuildFile; fileRef = 0AF3AE0B1F645C5E0046DE4A /* main.m */; };
		0AF3AE0F1F645C5E0046DE4A /* AppDelegate.m in Sources */ = {isa = PBXBuildFile; fileRef = 0AF3AE0E1F645C5E0046DE4A /* AppDelegate.m */; };
		0AF3AE121F645C5E0046DE4A /* ViewController.m in Sources */ = {isa = PBXBuildFile; fileRef = 0AF3AE111F645C5E0046DE4A /* ViewController.m */; };
		0AF3AE171F645C5E0046DE4A /* Assets.xcassets in Resources */ = {isa = PBXBuildFile; fileRef = 0AF3AE161F645C5E0046DE4A /* Assets.xcassets */; };
		0AF3AE1A1F645C5E0046DE4A /* LaunchScreen.storyboard in Resources */ = {isa = PBXBuildFile; fileRef = 0AF3AE181F645C5E0046DE4A /* LaunchScreen.storyboard */; };
		0AF3AE231F645EE70046DE4A /* YHJViewController.m in Sources */ = {isa = PBXBuildFile; fileRef = 0AF3AE221F645EE70046DE4A /* YHJViewController.m */; };
		C2B73C501F67C0DD00DDCC7E /* BuildListRequest.m in Sources */ = {isa = PBXBuildFile; fileRef = C2B73C4F1F67C0DD00DDCC7E /* BuildListRequest.m */; };
		C2B73C531F67C7CC00DDCC7E /* Filter.m in Sources */ = {isa = PBXBuildFile; fileRef = C2B73C521F67C7CC00DDCC7E /* Filter.m */; };
		C2B73C561F67D9DF00DDCC7E /* XJRequest.m in Sources */ = {isa = PBXBuildFile; fileRef = C2B73C551F67D9DF00DDCC7E /* XJRequest.m */; };
		F1AE810E074C9D3CCEE7C983 /* libPods-YHJExample.a in Frameworks */ = {isa = PBXBuildFile; fileRef = EF87FB8CAE8D27A22E44DCA8 /* libPods-YHJExample.a */; };
/* End PBXBuildFile section */

/* Begin PBXFileReference section */
		0AF3AE071F645C5E0046DE4A /* YHJExample.app */ = {isa = PBXFileReference; explicitFileType = wrapper.application; includeInIndex = 0; path = YHJExample.app; sourceTree = BUILT_PRODUCTS_DIR; };
		0AF3AE0B1F645C5E0046DE4A /* main.m */ = {isa = PBXFileReference; lastKnownFileType = sourcecode.c.objc; path = main.m; sourceTree = "<group>"; };
		0AF3AE0D1F645C5E0046DE4A /* AppDelegate.h */ = {isa = PBXFileReference; lastKnownFileType = sourcecode.c.h; path = AppDelegate.h; sourceTree = "<group>"; };
		0AF3AE0E1F645C5E0046DE4A /* AppDelegate.m */ = {isa = PBXFileReference; lastKnownFileType = sourcecode.c.objc; path = AppDelegate.m; sourceTree = "<group>"; };
		0AF3AE101F645C5E0046DE4A /* ViewController.h */ = {isa = PBXFileReference; lastKnownFileType = sourcecode.c.h; path = ViewController.h; sourceTree = "<group>"; };
		0AF3AE111F645C5E0046DE4A /* ViewController.m */ = {isa = PBXFileReference; lastKnownFileType = sourcecode.c.objc; path = ViewController.m; sourceTree = "<group>"; };
		0AF3AE161F645C5E0046DE4A /* Assets.xcassets */ = {isa = PBXFileReference; lastKnownFileType = folder.assetcatalog; path = Assets.xcassets; sourceTree = "<group>"; };
		0AF3AE191F645C5E0046DE4A /* Base */ = {isa = PBXFileReference; lastKnownFileType = file.storyboard; name = Base; path = Base.lproj/LaunchScreen.storyboard; sourceTree = "<group>"; };
		0AF3AE1B1F645C5E0046DE4A /* Info.plist */ = {isa = PBXFileReference; lastKnownFileType = text.plist.xml; path = Info.plist; sourceTree = "<group>"; };
		0AF3AE211F645EE70046DE4A /* YHJViewController.h */ = {isa = PBXFileReference; fileEncoding = 4; lastKnownFileType = sourcecode.c.h; path = YHJViewController.h; sourceTree = "<group>"; };
		0AF3AE221F645EE70046DE4A /* YHJViewController.m */ = {isa = PBXFileReference; fileEncoding = 4; lastKnownFileType = sourcecode.c.objc; path = YHJViewController.m; sourceTree = "<group>"; };
		0AF3AE281F6466ED0046DE4A /* TV.app */ = {isa = PBXFileReference; explicitFileType = wrapper.application; includeInIndex = 0; path = TV.app; sourceTree = BUILT_PRODUCTS_DIR; };
		1F17CCC119099BD293063569 /* Pods-YHJExample.debug.xcconfig */ = {isa = PBXFileReference; includeInIndex = 1; lastKnownFileType = text.xcconfig; name = "Pods-YHJExample.debug.xcconfig"; path = "Pods/Target Support Files/Pods-YHJExample/Pods-YHJExample.debug.xcconfig"; sourceTree = "<group>"; };
		8DA342431E275D1F48D620DA /* Pods-YHJExample.release.xcconfig */ = {isa = PBXFileReference; includeInIndex = 1; lastKnownFileType = text.xcconfig; name = "Pods-YHJExample.release.xcconfig"; path = "Pods/Target Support Files/Pods-YHJExample/Pods-YHJExample.release.xcconfig"; sourceTree = "<group>"; };
		C2B73C4E1F67C0DD00DDCC7E /* BuildListRequest.h */ = {isa = PBXFileReference; fileEncoding = 4; lastKnownFileType = sourcecode.c.h; path = BuildListRequest.h; sourceTree = "<group>"; };
		C2B73C4F1F67C0DD00DDCC7E /* BuildListRequest.m */ = {isa = PBXFileReference; fileEncoding = 4; lastKnownFileType = sourcecode.c.objc; path = BuildListRequest.m; sourceTree = "<group>"; };
		C2B73C511F67C7CC00DDCC7E /* Filter.h */ = {isa = PBXFileReference; fileEncoding = 4; lastKnownFileType = sourcecode.c.h; path = Filter.h; sourceTree = "<group>"; };
		C2B73C521F67C7CC00DDCC7E /* Filter.m */ = {isa = PBXFileReference; fileEncoding = 4; lastKnownFileType = sourcecode.c.objc; path = Filter.m; sourceTree = "<group>"; };
		C2B73C541F67D9DF00DDCC7E /* XJRequest.h */ = {isa = PBXFileReference; fileEncoding = 4; lastKnownFileType = sourcecode.c.h; path = XJRequest.h; sourceTree = "<group>"; };
		C2B73C551F67D9DF00DDCC7E /* XJRequest.m */ = {isa = PBXFileReference; fileEncoding = 4; lastKnownFileType = sourcecode.c.objc; path = XJRequest.m; sourceTree = "<group>"; };
		EF87FB8CAE8D27A22E44DCA8 /* libPods-YHJExample.a */ = {isa = PBXFileReference; explicitFileType = archive.ar; includeInIndex = 0; path = "libPods-YHJExample.a"; sourceTree = BUILT_PRODUCTS_DIR; };
/* End PBXFileReference section */

/* Begin PBXFrameworksBuildPhase section */
		0AF3AE041F645C5E0046DE4A /* Frameworks */ = {
			isa = PBXFrameworksBuildPhase;
			buildActionMask = 2147483647;
			files = (
				F1AE810E074C9D3CCEE7C983 /* libPods-YHJExample.a in Frameworks */,
			);
			runOnlyForDeploymentPostprocessing = 0;
		};
		0AF3AE251F6466ED0046DE4A /* Frameworks */ = {
			isa = PBXFrameworksBuildPhase;
			buildActionMask = 2147483647;
			files = (
			);
			runOnlyForDeploymentPostprocessing = 0;
		};
/* End PBXFrameworksBuildPhase section */

/* Begin PBXGroup section */
		0AF3ADFE1F645C5D0046DE4A = {
			isa = PBXGroup;
			children = (
				0AF3AE091F645C5E0046DE4A /* YHJExample */,
				0AF3AE081F645C5E0046DE4A /* Products */,
				DC63257842F97C8DAA4239C5 /* Pods */,
				AAFDA6198BA99EFE578D1D5B /* Frameworks */,
			);
			sourceTree = "<group>";
		};
		0AF3AE081F645C5E0046DE4A /* Products */ = {
			isa = PBXGroup;
			children = (
				0AF3AE071F645C5E0046DE4A /* YHJExample.app */,
				0AF3AE281F6466ED0046DE4A /* TV.app */,
			);
			name = Products;
			sourceTree = "<group>";
		};
		0AF3AE091F645C5E0046DE4A /* YHJExample */ = {
			isa = PBXGroup;
			children = (
				0AF3AE0D1F645C5E0046DE4A /* AppDelegate.h */,
				0AF3AE0E1F645C5E0046DE4A /* AppDelegate.m */,
				0AF3AE101F645C5E0046DE4A /* ViewController.h */,
				0AF3AE111F645C5E0046DE4A /* ViewController.m */,
				0AF3AE211F645EE70046DE4A /* YHJViewController.h */,
				0AF3AE221F645EE70046DE4A /* YHJViewController.m */,
				C2B73C4E1F67C0DD00DDCC7E /* BuildListRequest.h */,
				C2B73C4F1F67C0DD00DDCC7E /* BuildListRequest.m */,
				C2B73C511F67C7CC00DDCC7E /* Filter.h */,
				C2B73C521F67C7CC00DDCC7E /* Filter.m */,
				C2B73C541F67D9DF00DDCC7E /* XJRequest.h */,
				C2B73C551F67D9DF00DDCC7E /* XJRequest.m */,
				0AF3AE161F645C5E0046DE4A /* Assets.xcassets */,
				0AF3AE181F645C5E0046DE4A /* LaunchScreen.storyboard */,
				0AF3AE1B1F645C5E0046DE4A /* Info.plist */,
				0AF3AE0A1F645C5E0046DE4A /* Supporting Files */,
			);
			path = YHJExample;
			sourceTree = "<group>";
		};
		0AF3AE0A1F645C5E0046DE4A /* Supporting Files */ = {
			isa = PBXGroup;
			children = (
				0AF3AE0B1F645C5E0046DE4A /* main.m */,
			);
			name = "Supporting Files";
			sourceTree = "<group>";
		};
		AAFDA6198BA99EFE578D1D5B /* Frameworks */ = {
			isa = PBXGroup;
			children = (
				EF87FB8CAE8D27A22E44DCA8 /* libPods-YHJExample.a */,
			);
			name = Frameworks;
			sourceTree = "<group>";
		};
		DC63257842F97C8DAA4239C5 /* Pods */ = {
			isa = PBXGroup;
			children = (
				1F17CCC119099BD293063569 /* Pods-YHJExample.debug.xcconfig */,
				8DA342431E275D1F48D620DA /* Pods-YHJExample.release.xcconfig */,
			);
			name = Pods;
			sourceTree = "<group>";
		};
/* End PBXGroup section */

/* Begin PBXNativeTarget section */
		0AF3AE061F645C5E0046DE4A /* YHJExample */ = {
			isa = PBXNativeTarget;
			buildConfigurationList = 0AF3AE1E1F645C5E0046DE4A /* Build configuration list for PBXNativeTarget "YHJExample" */;
			buildPhases = (
				1F541BE027F21B639DCA1990 /* [CP] Check Pods Manifest.lock */,
				0AF3AE031F645C5E0046DE4A /* Sources */,
				0AF3AE041F645C5E0046DE4A /* Frameworks */,
				0AF3AE051F645C5E0046DE4A /* Resources */,
				5F8781464A8A60494000FD50 /* [CP] Embed Pods Frameworks */,
				FD6E080C587FD8E05C5010F3 /* [CP] Copy Pods Resources */,
			);
			buildRules = (
			);
			dependencies = (
			);
			name = YHJExample;
			productName = YHJExample;
			productReference = 0AF3AE071F645C5E0046DE4A /* YHJExample.app */;
			productType = "com.apple.product-type.application";
		};
		0AF3AE271F6466ED0046DE4A /* TV */ = {
			isa = PBXNativeTarget;
			buildConfigurationList = 0AF3AE391F6466ED0046DE4A /* Build configuration list for PBXNativeTarget "TV" */;
			buildPhases = (
				0AF3AE241F6466ED0046DE4A /* Sources */,
				0AF3AE251F6466ED0046DE4A /* Frameworks */,
				0AF3AE261F6466ED0046DE4A /* Resources */,
			);
			buildRules = (
			);
			dependencies = (
			);
			name = TV;
			productName = TV;
			productReference = 0AF3AE281F6466ED0046DE4A /* TV.app */;
			productType = "com.apple.product-type.application";
		};
/* End PBXNativeTarget section */

/* Begin PBXProject section */
		0AF3ADFF1F645C5E0046DE4A /* Project object */ = {
			isa = PBXProject;
			attributes = {
				LastUpgradeCheck = 0830;
				ORGANIZATIONNAME = MRJ;
				TargetAttributes = {
					0AF3AE061F645C5E0046DE4A = {
						CreatedOnToolsVersion = 8.3.3;
						ProvisioningStyle = Automatic;
					};
					0AF3AE271F6466ED0046DE4A = {
						CreatedOnToolsVersion = 8.3.3;
						ProvisioningStyle = Automatic;
					};
				};
			};
			buildConfigurationList = 0AF3AE021F645C5E0046DE4A /* Build configuration list for PBXProject "YHJExample" */;
			compatibilityVersion = "Xcode 3.2";
			developmentRegion = English;
			hasScannedForEncodings = 0;
			knownRegions = (
				en,
				Base,
			);
			mainGroup = 0AF3ADFE1F645C5D0046DE4A;
			productRefGroup = 0AF3AE081F645C5E0046DE4A /* Products */;
			projectDirPath = "";
			projectRoot = "";
			targets = (
				0AF3AE061F645C5E0046DE4A /* YHJExample */,
				0AF3AE271F6466ED0046DE4A /* TV */,
			);
		};
/* End PBXProject section */

/* Begin PBXResourcesBuildPhase section */
		0AF3AE051F645C5E0046DE4A /* Resources */ = {
			isa = PBXResourcesBuildPhase;
			buildActionMask = 2147483647;
			files = (
				0AF3AE1A1F645C5E0046DE4A /* LaunchScreen.storyboard in Resources */,
				0AF3AE171F645C5E0046DE4A /* Assets.xcassets in Resources */,
			);
			runOnlyForDeploymentPostprocessing = 0;
		};
		0AF3AE261F6466ED0046DE4A /* Resources */ = {
			isa = PBXResourcesBuildPhase;
			buildActionMask = 2147483647;
			files = (
			);
			runOnlyForDeploymentPostprocessing = 0;
		};
/* End PBXResourcesBuildPhase section */

/* Begin PBXShellScriptBuildPhase section */
		1F541BE027F21B639DCA1990 /* [CP] Check Pods Manifest.lock */ = {
			isa = PBXShellScriptBuildPhase;
			buildActionMask = 2147483647;
			files = (
			);
			inputPaths = (
				"${PODS_PODFILE_DIR_PATH}/Podfile.lock",
				"${PODS_ROOT}/Manifest.lock",
			);
			name = "[CP] Check Pods Manifest.lock";
			outputPaths = (
				"$(DERIVED_FILE_DIR)/Pods-YHJExample-checkManifestLockResult.txt",
			);
			runOnlyForDeploymentPostprocessing = 0;
			shellPath = /bin/sh;
			shellScript = "diff \"${PODS_PODFILE_DIR_PATH}/Podfile.lock\" \"${PODS_ROOT}/Manifest.lock\" > /dev/null\nif [ $? != 0 ] ; then\n    # print error to STDERR\n    echo \"error: The sandbox is not in sync with the Podfile.lock. Run 'pod install' or update your CocoaPods installation.\" >&2\n    exit 1\nfi\n# This output is used by Xcode 'outputs' to avoid re-running this script phase.\necho \"SUCCESS\" > \"${SCRIPT_OUTPUT_FILE_0}\"\n";
			showEnvVarsInLog = 0;
		};
		5F8781464A8A60494000FD50 /* [CP] Embed Pods Frameworks */ = {
			isa = PBXShellScriptBuildPhase;
			buildActionMask = 2147483647;
			files = (
			);
			inputPaths = (
			);
			name = "[CP] Embed Pods Frameworks";
			outputPaths = (
			);
			runOnlyForDeploymentPostprocessing = 0;
			shellPath = /bin/sh;
			shellScript = "\"${SRCROOT}/Pods/Target Support Files/Pods-YHJExample/Pods-YHJExample-frameworks.sh\"\n";
			showEnvVarsInLog = 0;
		};
		FD6E080C587FD8E05C5010F3 /* [CP] Copy Pods Resources */ = {
			isa = PBXShellScriptBuildPhase;
			buildActionMask = 2147483647;
			files = (
			);
			inputPaths = (
			);
			name = "[CP] Copy Pods Resources";
			outputPaths = (
			);
			runOnlyForDeploymentPostprocessing = 0;
			shellPath = /bin/sh;
			shellScript = "\"${SRCROOT}/Pods/Target Support Files/Pods-YHJExample/Pods-YHJExample-resources.sh\"\n";
			showEnvVarsInLog = 0;
		};
/* End PBXShellScriptBuildPhase section */

/* Begin PBXSourcesBuildPhase section */
		0AF3AE031F645C5E0046DE4A /* Sources */ = {
			isa = PBXSourcesBuildPhase;
			buildActionMask = 2147483647;
			files = (
				0AF3AE231F645EE70046DE4A /* YHJViewController.m in Sources */,
				C2B73C531F67C7CC00DDCC7E /* Filter.m in Sources */,
				C2B73C501F67C0DD00DDCC7E /* BuildListRequest.m in Sources */,
				0AF3AE121F645C5E0046DE4A /* ViewController.m in Sources */,
				0AF3AE0F1F645C5E0046DE4A /* AppDelegate.m in Sources */,
				0AF3AE0C1F645C5E0046DE4A /* main.m in Sources */,
				C2B73C561F67D9DF00DDCC7E /* XJRequest.m in Sources */,
			);
			runOnlyForDeploymentPostprocessing = 0;
		};
		0AF3AE241F6466ED0046DE4A /* Sources */ = {
			isa = PBXSourcesBuildPhase;
			buildActionMask = 2147483647;
			files = (
			);
			runOnlyForDeploymentPostprocessing = 0;
		};
/* End PBXSourcesBuildPhase section */

/* Begin PBXVariantGroup section */
		0AF3AE181F645C5E0046DE4A /* LaunchScreen.storyboard */ = {
			isa = PBXVariantGroup;
			children = (
				0AF3AE191F645C5E0046DE4A /* Base */,
			);
			name = LaunchScreen.storyboard;
			sourceTree = "<group>";
		};
/* End PBXVariantGroup section */

/* Begin XCBuildConfiguration section */
		0AF3AE1C1F645C5E0046DE4A /* Debug */ = {
			isa = XCBuildConfiguration;
			buildSettings = {
				ALWAYS_SEARCH_USER_PATHS = NO;
				CLANG_ANALYZER_NONNULL = YES;
				CLANG_ANALYZER_NUMBER_OBJECT_CONVERSION = YES_AGGRESSIVE;
				CLANG_CXX_LANGUAGE_STANDARD = "gnu++0x";
				CLANG_CXX_LIBRARY = "libc++";
				CLANG_ENABLE_MODULES = YES;
				CLANG_ENABLE_OBJC_ARC = YES;
				CLANG_WARN_BOOL_CONVERSION = YES;
				CLANG_WARN_CONSTANT_CONVERSION = YES;
				CLANG_WARN_DIRECT_OBJC_ISA_USAGE = YES_ERROR;
				CLANG_WARN_DOCUMENTATION_COMMENTS = YES;
				CLANG_WARN_EMPTY_BODY = YES;
				CLANG_WARN_ENUM_CONVERSION = YES;
				CLANG_WARN_INFINITE_RECURSION = YES;
				CLANG_WARN_INT_CONVERSION = YES;
				CLANG_WARN_OBJC_ROOT_CLASS = YES_ERROR;
				CLANG_WARN_SUSPICIOUS_MOVE = YES;
				CLANG_WARN_UNREACHABLE_CODE = YES;
				CLANG_WARN__DUPLICATE_METHOD_MATCH = YES;
				"CODE_SIGN_IDENTITY[sdk=iphoneos*]" = "iPhone Developer";
				COPY_PHASE_STRIP = NO;
				DEBUG_INFORMATION_FORMAT = dwarf;
				ENABLE_STRICT_OBJC_MSGSEND = YES;
				ENABLE_TESTABILITY = YES;
				GCC_C_LANGUAGE_STANDARD = gnu99;
				GCC_DYNAMIC_NO_PIC = NO;
				GCC_NO_COMMON_BLOCKS = YES;
				GCC_OPTIMIZATION_LEVEL = 0;
				GCC_PREPROCESSOR_DEFINITIONS = (
					"DEBUG=1",
					"$(inherited)",
				);
				GCC_WARN_64_TO_32_BIT_CONVERSION = YES;
				GCC_WARN_ABOUT_RETURN_TYPE = YES_ERROR;
				GCC_WARN_UNDECLARED_SELECTOR = YES;
				GCC_WARN_UNINITIALIZED_AUTOS = YES_AGGRESSIVE;
				GCC_WARN_UNUSED_FUNCTION = YES;
				GCC_WARN_UNUSED_VARIABLE = YES;
				IPHONEOS_DEPLOYMENT_TARGET = 10.3;
				MTL_ENABLE_DEBUG_INFO = YES;
				ONLY_ACTIVE_ARCH = YES;
				SDKROOT = iphoneos;
				TARGETED_DEVICE_FAMILY = "1,2";
			};
			name = Debug;
		};
		0AF3AE1D1F645C5E0046DE4A /* Release */ = {
			isa = XCBuildConfiguration;
			buildSettings = {
				ALWAYS_SEARCH_USER_PATHS = NO;
				CLANG_ANALYZER_NONNULL = YES;
				CLANG_ANALYZER_NUMBER_OBJECT_CONVERSION = YES_AGGRESSIVE;
				CLANG_CXX_LANGUAGE_STANDARD = "gnu++0x";
				CLANG_CXX_LIBRARY = "libc++";
				CLANG_ENABLE_MODULES = YES;
				CLANG_ENABLE_OBJC_ARC = YES;
				CLANG_WARN_BOOL_CONVERSION = YES;
				CLANG_WARN_CONSTANT_CONVERSION = YES;
				CLANG_WARN_DIRECT_OBJC_ISA_USAGE = YES_ERROR;
				CLANG_WARN_DOCUMENTATION_COMMENTS = YES;
				CLANG_WARN_EMPTY_BODY = YES;
				CLANG_WARN_ENUM_CONVERSION = YES;
				CLANG_WARN_INFINITE_RECURSION = YES;
				CLANG_WARN_INT_CONVERSION = YES;
				CLANG_WARN_OBJC_ROOT_CLASS = YES_ERROR;
				CLANG_WARN_SUSPICIOUS_MOVE = YES;
				CLANG_WARN_UNREACHABLE_CODE = YES;
				CLANG_WARN__DUPLICATE_METHOD_MATCH = YES;
				"CODE_SIGN_IDENTITY[sdk=iphoneos*]" = "iPhone Developer";
				COPY_PHASE_STRIP = NO;
				DEBUG_INFORMATION_FORMAT = "dwarf-with-dsym";
				ENABLE_NS_ASSERTIONS = NO;
				ENABLE_STRICT_OBJC_MSGSEND = YES;
				GCC_C_LANGUAGE_STANDARD = gnu99;
				GCC_NO_COMMON_BLOCKS = YES;
				GCC_WARN_64_TO_32_BIT_CONVERSION = YES;
				GCC_WARN_ABOUT_RETURN_TYPE = YES_ERROR;
				GCC_WARN_UNDECLARED_SELECTOR = YES;
				GCC_WARN_UNINITIALIZED_AUTOS = YES_AGGRESSIVE;
				GCC_WARN_UNUSED_FUNCTION = YES;
				GCC_WARN_UNUSED_VARIABLE = YES;
				IPHONEOS_DEPLOYMENT_TARGET = 10.3;
				MTL_ENABLE_DEBUG_INFO = NO;
				SDKROOT = iphoneos;
				TARGETED_DEVICE_FAMILY = "1,2";
				VALIDATE_PRODUCT = YES;
			};
			name = Release;
		};
		0AF3AE1F1F645C5E0046DE4A /* Debug */ = {
			isa = XCBuildConfiguration;
			baseConfigurationReference = 1F17CCC119099BD293063569 /* Pods-YHJExample.debug.xcconfig */;
			buildSettings = {
				ASSETCATALOG_COMPILER_APPICON_NAME = AppIcon;
				INFOPLIST_FILE = YHJExample/Info.plist;
				LD_RUNPATH_SEARCH_PATHS = "$(inherited) @executable_path/Frameworks";
				PRODUCT_BUNDLE_IDENTIFIER = MRJ.YHJExample;
				PRODUCT_NAME = "$(TARGET_NAME)";
			};
			name = Debug;
		};
		0AF3AE201F645C5E0046DE4A /* Release */ = {
			isa = XCBuildConfiguration;
			baseConfigurationReference = 8DA342431E275D1F48D620DA /* Pods-YHJExample.release.xcconfig */;
			buildSettings = {
				ASSETCATALOG_COMPILER_APPICON_NAME = AppIcon;
				INFOPLIST_FILE = YHJExample/Info.plist;
				LD_RUNPATH_SEARCH_PATHS = "$(inherited) @executable_path/Frameworks";
				PRODUCT_BUNDLE_IDENTIFIER = MRJ.YHJExample;
				PRODUCT_NAME = "$(TARGET_NAME)";
			};
			name = Release;
		};
		0AF3AE3A1F6466ED0046DE4A /* Debug */ = {
			isa = XCBuildConfiguration;
			buildSettings = {
				ASSETCATALOG_COMPILER_APPICON_NAME = "App Icon & Top Shelf Image";
				ASSETCATALOG_COMPILER_LAUNCHIMAGE_NAME = LaunchImage;
				INFOPLIST_FILE = TV/Info.plist;
				LD_RUNPATH_SEARCH_PATHS = "$(inherited) @executable_path/Frameworks";
				PRODUCT_BUNDLE_IDENTIFIER = MRJ.TV;
				PRODUCT_NAME = "$(TARGET_NAME)";
				SDKROOT = appletvos;
				TARGETED_DEVICE_FAMILY = 3;
				TVOS_DEPLOYMENT_TARGET = 10.2;
			};
			name = Debug;
		};
		0AF3AE3B1F6466ED0046DE4A /* Release */ = {
			isa = XCBuildConfiguration;
			buildSettings = {
				ASSETCATALOG_COMPILER_APPICON_NAME = "App Icon & Top Shelf Image";
				ASSETCATALOG_COMPILER_LAUNCHIMAGE_NAME = LaunchImage;
				INFOPLIST_FILE = TV/Info.plist;
				LD_RUNPATH_SEARCH_PATHS = "$(inherited) @executable_path/Frameworks";
				PRODUCT_BUNDLE_IDENTIFIER = MRJ.TV;
				PRODUCT_NAME = "$(TARGET_NAME)";
				SDKROOT = appletvos;
				TARGETED_DEVICE_FAMILY = 3;
				TVOS_DEPLOYMENT_TARGET = 10.2;
			};
			name = Release;
		};
/* End XCBuildConfiguration section */

/* Begin XCConfigurationList section */
		0AF3AE021F645C5E0046DE4A /* Build configuration list for PBXProject "YHJExample" */ = {
			isa = XCConfigurationList;
			buildConfigurations = (
				0AF3AE1C1F645C5E0046DE4A /* Debug */,
				0AF3AE1D1F645C5E0046DE4A /* Release */,
			);
			defaultConfigurationIsVisible = 0;
			defaultConfigurationName = Release;
		};
		0AF3AE1E1F645C5E0046DE4A /* Build configuration list for PBXNativeTarget "YHJExample" */ = {
			isa = XCConfigurationList;
			buildConfigurations = (
				0AF3AE1F1F645C5E0046DE4A /* Debug */,
				0AF3AE201F645C5E0046DE4A /* Release */,
			);
			defaultConfigurationIsVisible = 0;
			defaultConfigurationName = Release;
		};
		0AF3AE391F6466ED0046DE4A /* Build configuration list for PBXNativeTarget "TV" */ = {
			isa = XCConfigurationList;
			buildConfigurations = (
				0AF3AE3A1F6466ED0046DE4A /* Debug */,
				0AF3AE3B1F6466ED0046DE4A /* Release */,
			);
			defaultConfigurationIsVisible = 0;
			defaultConfigurationName = Release;
		};
/* End XCConfigurationList section */
	};
	rootObject = 0AF3ADFF1F645C5E0046DE4A /* Project object */;
}
